
Microsoft Visual Studio Solution File, Format Version 12.00
# Visual Studio Version 17
VisualStudioVersion = 17.14.36623.8 d17.14
MinimumVisualStudioVersion = 10.0.40219.1
Project("{FAE04EC0-301F-11D3-BF4B-00C04F79EFBC}") = "allinone", "allinone\allinone.csproj", "{570F2FD7-1508-4DAF-AEF4-5642FFC93717}"
EndProject
Global
	GlobalSection(SolutionConfigurationPlatforms) = preSolution
		Debug|Any CPU = Debug|Any CPU
		Release|Any CPU = Release|Any CPU
	EndGlobalSection
	GlobalSection(ProjectConfigurationPlatforms) = postSolution
		{570F2FD7-1508-4DAF-AEF4-5642FFC93717}.Debug|Any CPU.ActiveCfg = Debug|Any CPU
		{570F2FD7-1508-4DAF-AEF4-5642FFC93717}.Debug|Any CPU.Build.0 = Debug|Any CPU
		{570F2FD7-1508-4DAF-AEF4-5642FFC93717}.Release|Any CPU.ActiveCfg = Release|Any CPU
		{570F2FD7-1508-4DAF-AEF4-5642FFC93717}.Release|Any CPU.Build.0 = Release|Any CPU
	EndGlobalSection
	GlobalSection(SolutionProperties) = preSolution
		HideSolutionNode = FALSE
	EndGlobalSection
	GlobalSection(ExtensibilityGlobals) = postSolution
		SolutionGuid = {CA3CFD2A-F525-4063-96BA-862096D49DC3}
	EndGlobalSection
EndGlobal
